
Microsoft Visual Studio Solution File, Format Version 12.00
# Visual Studio 15
VisualStudioVersion = 15.0.28307.136
MinimumVisualStudioVersion = 10.0.40219.1
Project("{9A19103F-16F7-4668-BE54-9A1E7A4F7556}") = "ZabbixSender.Async", "ZabbixSender.Async\ZabbixSender.Async.csproj", "{4D75CEC8-46DC-4959-8F60-94AF4565B7A5}"
EndProject
Project("{FAE04EC0-301F-11D3-BF4B-00C04F79EFBC}") = "ZabbixSender.Async.Tests", "ZabbixSender.Async.Tests\ZabbixSender.Async.Tests.csproj", "{1AA6B8F1-BDA0-4249-8616-356681ACA298}"
EndProject
Global
	GlobalSection(SolutionConfigurationPlatforms) = preSolution
		Debug|Any CPU = Debug|Any CPU
		Release|Any CPU = Release|Any CPU
	EndGlobalSection
	GlobalSection(ProjectConfigurationPlatforms) = postSolution
		{4D75CEC8-46DC-4959-8F60-94AF4565B7A5}.Debug|Any CPU.ActiveCfg = Debug|Any CPU
		{4D75CEC8-46DC-4959-8F60-94AF4565B7A5}.Debug|Any CPU.Build.0 = Debug|Any CPU
		{4D75CEC8-46DC-4959-8F60-94AF4565B7A5}.Release|Any CPU.ActiveCfg = Release|Any CPU
		{4D75CEC8-46DC-4959-8F60-94AF4565B7A5}.Release|Any CPU.Build.0 = Release|Any CPU
		{1AA6B8F1-BDA0-4249-8616-356681ACA298}.Debug|Any CPU.ActiveCfg = Debug|Any CPU
		{1AA6B8F1-BDA0-4249-8616-356681ACA298}.Debug|Any CPU.Build.0 = Debug|Any CPU
		{1AA6B8F1-BDA0-4249-8616-356681ACA298}.Release|Any CPU.ActiveCfg = Release|Any CPU
		{1AA6B8F1-BDA0-4249-8616-356681ACA298}.Release|Any CPU.Build.0 = Release|Any CPU
	EndGlobalSection
	GlobalSection(SolutionProperties) = preSolution
		HideSolutionNode = FALSE
	EndGlobalSection
	GlobalSection(ExtensibilityGlobals) = postSolution
		SolutionGuid = {E284DD63-F6DB-4DF9-9D29-6462C73C1B70}
	EndGlobalSection
EndGlobal
